// !$*UTF8*$!
{
	archiveVersion = 1;
	classes = {
	};
	objectVersion = 46;
	objects = {

/* Begin PBXBuildFile section */
		0F9F47BA1BD2020100355E77 /* main.m in Sources */ = {isa = PBXBuildFile; fileRef = 0F9F47B91BD2020100355E77 /* main.m */; };
		0F9F47BD1BD2020100355E77 /* AppDelegate.m in Sources */ = {isa = PBXBuildFile; fileRef = 0F9F47BC1BD2020100355E77 /* AppDelegate.m */; };
		0F9F47C01BD2020100355E77 /* ViewController.m in Sources */ = {isa = PBXBuildFile; fileRef = 0F9F47BF1BD2020100355E77 /* ViewController.m */; };
		0F9F47C31BD2020100355E77 /* Main.storyboard in Resources */ = {isa = PBXBuildFile; fileRef = 0F9F47C11BD2020100355E77 /* Main.storyboard */; };
		0F9F47C51BD2020100355E77 /* Assets.xcassets in Resources */ = {isa = PBXBuildFile; fileRef = 0F9F47C41BD2020100355E77 /* Assets.xcassets */; };
		0F9F47C81BD2020100355E77 /* LaunchScreen.storyboard in Resources */ = {isa = PBXBuildFile; fileRef = 0F9F47C61BD2020100355E77 /* LaunchScreen.storyboard */; };
		0F9F47D31BD2020100355E77 /* DistrubutorTests.m in Sources */ = {isa = PBXBuildFile; fileRef = 0F9F47D21BD2020100355E77 /* DistrubutorTests.m */; };
		0F9F47DE1BD2020200355E77 /* DistrubutorUITests.m in Sources */ = {isa = PBXBuildFile; fileRef = 0F9F47DD1BD2020200355E77 /* DistrubutorUITests.m */; };
/* End PBXBuildFile section */

/* Begin PBXContainerItemProxy section */
		0F9F47CF1BD2020100355E77 /* PBXContainerItemProxy */ = {
			isa = PBXContainerItemProxy;
			containerPortal = 0F9F47AD1BD2020000355E77 /* Project object */;
			proxyType = 1;
			remoteGlobalIDString = 0F9F47B41BD2020000355E77;
			remoteInfo = Distrubutor;
		};
		0F9F47DA1BD2020100355E77 /* PBXContainerItemProxy */ = {
			isa = PBXContainerItemProxy;
			containerPortal = 0F9F47AD1BD2020000355E77 /* Project object */;
			proxyType = 1;
			remoteGlobalIDString = 0F9F47B41BD2020000355E77;
			remoteInfo = Distrubutor;
		};
/* End PBXContainerItemProxy section */

/* Begin PBXFileReference section */
		0F9F47B51BD2020100355E77 /* Distrubutor.app */ = {isa = PBXFileReference; explicitFileType = wrapper.application; includeInIndex = 0; path = Distrubutor.app; sourceTree = BUILT_PRODUCTS_DIR; };
		0F9F47B91BD2020100355E77 /* main.m */ = {isa = PBXFileReference; lastKnownFileType = sourcecode.c.objc; path = main.m; sourceTree = "<group>"; };
		0F9F47BB1BD2020100355E77 /* AppDelegate.h */ = {isa = PBXFileReference; lastKnownFileType = sourcecode.c.h; path = AppDelegate.h; sourceTree = "<group>"; };
		0F9F47BC1BD2020100355E77 /* AppDelegate.m */ = {isa = PBXFileReference; lastKnownFileType = sourcecode.c.objc; path = AppDelegate.m; sourceTree = "<group>"; };
		0F9F47BE1BD2020100355E77 /* ViewController.h */ = {isa = PBXFileReference; lastKnownFileType = sourcecode.c.h; path = ViewController.h; sourceTree = "<group>"; };
		0F9F47BF1BD2020100355E77 /* ViewController.m */ = {isa = PBXFileReference; lastKnownFileType = sourcecode.c.objc; path = ViewController.m; sourceTree = "<group>"; };
		0F9F47C21BD2020100355E77 /* Base */ = {isa = PBXFileReference; lastKnownFileType = file.storyboard; name = Base; path = Base.lproj/Main.storyboard; sourceTree = "<group>"; };
		0F9F47C41BD2020100355E77 /* Assets.xcassets */ = {isa = PBXFileReference; lastKnownFileType = folder.assetcatalog; path = Assets.xcassets; sourceTree = "<group>"; };
		0F9F47C71BD2020100355E77 /* Base */ = {isa = PBXFileReference; lastKnownFileType = file.storyboard; name = Base; path = Base.lproj/LaunchScreen.storyboard; sourceTree = "<group>"; };
		0F9F47C91BD2020100355E77 /* Info.plist */ = {isa = PBXFileReference; lastKnownFileType = text.plist.xml; path = Info.plist; sourceTree = "<group>"; };
		0F9F47CE1BD2020100355E77 /* DistrubutorTests.xctest */ = {isa = PBXFileReference; explicitFileType = wrapper.cfbundle; includeInIndex = 0; path = DistrubutorTests.xctest; sourceTree = BUILT_PRODUCTS_DIR; };
		0F9F47D21BD2020100355E77 /* DistrubutorTests.m */ = {isa = PBXFileReference; lastKnownFileType = sourcecode.c.objc; path = DistrubutorTests.m; sourceTree = "<group>"; };
		0F9F47D41BD2020100355E77 /* Info.plist */ = {isa = PBXFileReference; lastKnownFileType = text.plist.xml; path = Info.plist; sourceTree = "<group>"; };
		0F9F47D91BD2020100355E77 /* DistrubutorUITests.xctest */ = {isa = PBXFileReference; explicitFileType = wrapper.cfbundle; includeInIndex = 0; path = DistrubutorUITests.xctest; sourceTree = BUILT_PRODUCTS_DIR; };
		0F9F47DD1BD2020200355E77 /* DistrubutorUITests.m */ = {isa = PBXFileReference; lastKnownFileType = sourcecode.c.objc; path = DistrubutorUITests.m; sourceTree = "<group>"; };
		0F9F47DF1BD2020200355E77 /* Info.plist */ = {isa = PBXFileReference; lastKnownFileType = text.plist.xml; path = Info.plist; sourceTree = "<group>"; };
/* End PBXFileReference section */

/* Begin PBXFrameworksBuildPhase section */
		0F9F47B21BD2020000355E77 /* Frameworks */ = {
			isa = PBXFrameworksBuildPhase;
			buildActionMask = 2147483647;
			files = (
			);
			runOnlyForDeploymentPostprocessing = 0;
		};
		0F9F47CB1BD2020100355E77 /* Frameworks */ = {
			isa = PBXFrameworksBuildPhase;
			buildActionMask = 2147483647;
			files = (
			);
			runOnlyForDeploymentPostprocessing = 0;
		};
		0F9F47D61BD2020100355E77 /* Frameworks */ = {
			isa = PBXFrameworksBuildPhase;
			buildActionMask = 2147483647;
			files = (
			);
			runOnlyForDeploymentPostprocessing = 0;
		};
/* End PBXFrameworksBuildPhase section */

/* Begin PBXGroup section */
		0F9F47AC1BD2020000355E77 = {
			isa = PBXGroup;
			children = (
				0F9F47B71BD2020100355E77 /* Distrubutor */,
				0F9F47D11BD2020100355E77 /* DistrubutorTests */,
				0F9F47DC1BD2020100355E77 /* DistrubutorUITests */,
				0F9F47B61BD2020100355E77 /* Products */,
			);
			sourceTree = "<group>";
		};
		0F9F47B61BD2020100355E77 /* Products */ = {
			isa = PBXGroup;
			children = (
				0F9F47B51BD2020100355E77 /* Distrubutor.app */,
				0F9F47CE1BD2020100355E77 /* DistrubutorTests.xctest */,
				0F9F47D91BD2020100355E77 /* DistrubutorUITests.xctest */,
			);
			name = Products;
			sourceTree = "<group>";
		};
		0F9F47B71BD2020100355E77 /* Distrubutor */ = {
			isa = PBXGroup;
			children = (
				0F9F47BB1BD2020100355E77 /* AppDelegate.h */,
				0F9F47BC1BD2020100355E77 /* AppDelegate.m */,
				0F9F47BE1BD2020100355E77 /* ViewController.h */,
				0F9F47BF1BD2020100355E77 /* ViewController.m */,
				0F9F47C11BD2020100355E77 /* Main.storyboard */,
				0F9F47C41BD2020100355E77 /* Assets.xcassets */,
				0F9F47C61BD2020100355E77 /* LaunchScreen.storyboard */,
				0F9F47C91BD2020100355E77 /* Info.plist */,
				0F9F47B81BD2020100355E77 /* Supporting Files */,
			);
			path = Distrubutor;
			sourceTree = "<group>";
		};
		0F9F47B81BD2020100355E77 /* Supporting Files */ = {
			isa = PBXGroup;
			children = (
				0F9F47B91BD2020100355E77 /* main.m */,
			);
			name = "Supporting Files";
			sourceTree = "<group>";
		};
		0F9F47D11BD2020100355E77 /* DistrubutorTests */ = {
			isa = PBXGroup;
			children = (
				0F9F47D21BD2020100355E77 /* DistrubutorTests.m */,
				0F9F47D41BD2020100355E77 /* Info.plist */,
			);
			path = DistrubutorTests;
			sourceTree = "<group>";
		};
		0F9F47DC1BD2020100355E77 /* DistrubutorUITests */ = {
			isa = PBXGroup;
			children = (
				0F9F47DD1BD2020200355E77 /* DistrubutorUITests.m */,
				0F9F47DF1BD2020200355E77 /* Info.plist */,
			);
			path = DistrubutorUITests;
			sourceTree = "<group>";
		};
/* End PBXGroup section */

/* Begin PBXNativeTarget section */
		0F9F47B41BD2020000355E77 /* Distrubutor */ = {
			isa = PBXNativeTarget;
			buildConfigurationList = 0F9F47E21BD2020200355E77 /* Build configuration list for PBXNativeTarget "Distrubutor" */;
			buildPhases = (
				0F9F47B11BD2020000355E77 /* Sources */,
				0F9F47B21BD2020000355E77 /* Frameworks */,
				0F9F47B31BD2020000355E77 /* Resources */,
			);
			buildRules = (
			);
			dependencies = (
			);
			name = Distrubutor;
			productName = Distrubutor;
			productReference = 0F9F47B51BD2020100355E77 /* Distrubutor.app */;
			productType = "com.apple.product-type.application";
		};
		0F9F47CD1BD2020100355E77 /* DistrubutorTests */ = {
			isa = PBXNativeTarget;
			buildConfigurationList = 0F9F47E51BD2020200355E77 /* Build configuration list for PBXNativeTarget "DistrubutorTests" */;
			buildPhases = (
				0F9F47CA1BD2020100355E77 /* Sources */,
				0F9F47CB1BD2020100355E77 /* Frameworks */,
				0F9F47CC1BD2020100355E77 /* Resources */,
			);
			buildRules = (
			);
			dependencies = (
				0F9F47D01BD2020100355E77 /* PBXTargetDependency */,
			);
			name = DistrubutorTests;
			productName = DistrubutorTests;
			productReference = 0F9F47CE1BD2020100355E77 /* DistrubutorTests.xctest */;
			productType = "com.apple.product-type.bundle.unit-test";
		};
		0F9F47D81BD2020100355E77 /* DistrubutorUITests */ = {
			isa = PBXNativeTarget;
			buildConfigurationList = 0F9F47E81BD2020200355E77 /* Build configuration list for PBXNativeTarget "DistrubutorUITests" */;
			buildPhases = (
				0F9F47D51BD2020100355E77 /* Sources */,
				0F9F47D61BD2020100355E77 /* Frameworks */,
				0F9F47D71BD2020100355E77 /* Resources */,
			);
			buildRules = (
			);
			dependencies = (
				0F9F47DB1BD2020100355E77 /* PBXTargetDependency */,
			);
			name = DistrubutorUITests;
			productName = DistrubutorUITests;
			productReference = 0F9F47D91BD2020100355E77 /* DistrubutorUITests.xctest */;
			productType = "com.apple.product-type.bundle.ui-testing";
		};
/* End PBXNativeTarget section */

/* Begin PBXProject section */
		0F9F47AD1BD2020000355E77 /* Project object */ = {
			isa = PBXProject;
			attributes = {
				LastUpgradeCheck = 0700;
				ORGANIZATIONNAME = OSUBoilerMaker;
				TargetAttributes = {
					0F9F47B41BD2020000355E77 = {
						CreatedOnToolsVersion = 7.0.1;
						DevelopmentTeam = QE4Q39QVNE;
					};
					0F9F47CD1BD2020100355E77 = {
						CreatedOnToolsVersion = 7.0.1;
						TestTargetID = 0F9F47B41BD2020000355E77;
					};
					0F9F47D81BD2020100355E77 = {
						CreatedOnToolsVersion = 7.0.1;
						TestTargetID = 0F9F47B41BD2020000355E77;
					};
				};
			};
			buildConfigurationList = 0F9F47B01BD2020000355E77 /* Build configuration list for PBXProject "Distrubutor" */;
			compatibilityVersion = "Xcode 3.2";
			developmentRegion = English;
			hasScannedForEncodings = 0;
			knownRegions = (
				en,
				Base,
			);
			mainGroup = 0F9F47AC1BD2020000355E77;
			productRefGroup = 0F9F47B61BD2020100355E77 /* Products */;
			projectDirPath = "";
			projectRoot = "";
			targets = (
				0F9F47B41BD2020000355E77 /* Distrubutor */,
				0F9F47CD1BD2020100355E77 /* DistrubutorTests */,
				0F9F47D81BD2020100355E77 /* DistrubutorUITests */,
			);
		};
/* End PBXProject section */

/* Begin PBXResourcesBuildPhase section */
		0F9F47B31BD2020000355E77 /* Resources */ = {
			isa = PBXResourcesBuildPhase;
			buildActionMask = 2147483647;
			files = (
				0F9F47C81BD2020100355E77 /* LaunchScreen.storyboard in Resources */,
				0F9F47C51BD2020100355E77 /* Assets.xcassets in Resources */,
				0F9F47C31BD2020100355E77 /* Main.storyboard in Resources */,
			);
			runOnlyForDeploymentPostprocessing = 0;
		};
		0F9F47CC1BD2020100355E77 /* Resources */ = {
			isa = PBXResourcesBuildPhase;
			buildActionMask = 2147483647;
			files = (
			);
			runOnlyForDeploymentPostprocessing = 0;
		};
		0F9F47D71BD2020100355E77 /* Resources */ = {
			isa = PBXResourcesBuildPhase;
			buildActionMask = 2147483647;
			files = (
			);
			runOnlyForDeploymentPostprocessing = 0;
		};
/* End PBXResourcesBuildPhase section */

/* Begin PBXSourcesBuildPhase section */
		0F9F47B11BD2020000355E77 /* Sources */ = {
			isa = PBXSourcesBuildPhase;
			buildActionMask = 2147483647;
			files = (
				0F9F47C01BD2020100355E77 /* ViewController.m in Sources */,
				0F9F47BD1BD2020100355E77 /* AppDelegate.m in Sources */,
				0F9F47BA1BD2020100355E77 /* main.m in Sources */,
			);
			runOnlyForDeploymentPostprocessing = 0;
		};
		0F9F47CA1BD2020100355E77 /* Sources */ = {
			isa = PBXSourcesBuildPhase;
			buildActionMask = 2147483647;
			files = (
				0F9F47D31BD2020100355E77 /* DistrubutorTests.m in Sources */,
			);
			runOnlyForDeploymentPostprocessing = 0;
		};
		0F9F47D51BD2020100355E77 /* Sources */ = {
			isa = PBXSourcesBuildPhase;
			buildActionMask = 2147483647;
			files = (
				0F9F47DE1BD2020200355E77 /* DistrubutorUITests.m in Sources */,
			);
			runOnlyForDeploymentPostprocessing = 0;
		};
/* End PBXSourcesBuildPhase section */

/* Begin PBXTargetDependency section */
		0F9F47D01BD2020100355E77 /* PBXTargetDependency */ = {
			isa = PBXTargetDependency;
			target = 0F9F47B41BD2020000355E77 /* Distrubutor */;
			targetProxy = 0F9F47CF1BD2020100355E77 /* PBXContainerItemProxy */;
		};
		0F9F47DB1BD2020100355E77 /* PBXTargetDependency */ = {
			isa = PBXTargetDependency;
			target = 0F9F47B41BD2020000355E77 /* Distrubutor */;
			targetProxy = 0F9F47DA1BD2020100355E77 /* PBXContainerItemProxy */;
		};
/* End PBXTargetDependency section */

/* Begin PBXVariantGroup section */
		0F9F47C11BD2020100355E77 /* Main.storyboard */ = {
			isa = PBXVariantGroup;
			children = (
				0F9F47C21BD2020100355E77 /* Base */,
			);
			name = Main.storyboard;
			sourceTree = "<group>";
		};
		0F9F47C61BD2020100355E77 /* LaunchScreen.storyboard */ = {
			isa = PBXVariantGroup;
			children = (
				0F9F47C71BD2020100355E77 /* Base */,
			);
			name = LaunchScreen.storyboard;
			sourceTree = "<group>";
		};
/* End PBXVariantGroup section */

/* Begin XCBuildConfiguration section */
		0F9F47E01BD2020200355E77 /* Debug */ = {
			isa = XCBuildConfiguration;
			buildSettings = {
				ALWAYS_SEARCH_USER_PATHS = NO;
				CLANG_CXX_LANGUAGE_STANDARD = "gnu++0x";
				CLANG_CXX_LIBRARY = "libc++";
				CLANG_ENABLE_MODULES = YES;
				CLANG_ENABLE_OBJC_ARC = YES;
				CLANG_WARN_BOOL_CONVERSION = YES;
				CLANG_WARN_CONSTANT_CONVERSION = YES;
				CLANG_WARN_DIRECT_OBJC_ISA_USAGE = YES_ERROR;
				CLANG_WARN_EMPTY_BODY = YES;
				CLANG_WARN_ENUM_CONVERSION = YES;
				CLANG_WARN_INT_CONVERSION = YES;
				CLANG_WARN_OBJC_ROOT_CLASS = YES_ERROR;
				CLANG_WARN_UNREACHABLE_CODE = YES;
				CLANG_WARN__DUPLICATE_METHOD_MATCH = YES;
				"CODE_SIGN_IDENTITY[sdk=iphoneos*]" = "iPhone Developer";
				COPY_PHASE_STRIP = NO;
				DEBUG_INFORMATION_FORMAT = dwarf;
				ENABLE_STRICT_OBJC_MSGSEND = YES;
				ENABLE_TESTABILITY = YES;
				GCC_C_LANGUAGE_STANDARD = gnu99;
				GCC_DYNAMIC_NO_PIC = NO;
				GCC_NO_COMMON_BLOCKS = YES;
				GCC_OPTIMIZATION_LEVEL = 0;
				GCC_PREPROCESSOR_DEFINITIONS = (
					"DEBUG=1",
					"$(inherited)",
				);
				GCC_WARN_64_TO_32_BIT_CONVERSION = YES;
				GCC_WARN_ABOUT_RETURN_TYPE = YES_ERROR;
				GCC_WARN_UNDECLARED_SELECTOR = YES;
				GCC_WARN_UNINITIALIZED_AUTOS = YES_AGGRESSIVE;
				GCC_WARN_UNUSED_FUNCTION = YES;
				GCC_WARN_UNUSED_VARIABLE = YES;
				IPHONEOS_DEPLOYMENT_TARGET = 9.0;
				MTL_ENABLE_DEBUG_INFO = YES;
				ONLY_ACTIVE_ARCH = YES;
				SDKROOT = iphoneos;
			};
			name = Debug;
		};
		0F9F47E11BD2020200355E77 /* Release */ = {
			isa = XCBuildConfiguration;
			buildSettings = {
				ALWAYS_SEARCH_USER_PATHS = NO;
				CLANG_CXX_LANGUAGE_STANDARD = "gnu++0x";
				CLANG_CXX_LIBRARY = "libc++";
				CLANG_ENABLE_MODULES = YES;
				CLANG_ENABLE_OBJC_ARC = YES;
				CLANG_WARN_BOOL_CONVERSION = YES;
				CLANG_WARN_CONSTANT_CONVERSION = YES;
				CLANG_WARN_DIRECT_OBJC_ISA_USAGE = YES_ERROR;
				CLANG_WARN_EMPTY_BODY = YES;
				CLANG_WARN_ENUM_CONVERSION = YES;
				CLANG_WARN_INT_CONVERSION = YES;
				CLANG_WARN_OBJC_ROOT_CLASS = YES_ERROR;
				CLANG_WARN_UNREACHABLE_CODE = YES;
				CLANG_WARN__DUPLICATE_METHOD_MATCH = YES;
				"CODE_SIGN_IDENTITY[sdk=iphoneos*]" = "iPhone Developer";
				COPY_PHASE_STRIP = NO;
				DEBUG_INFORMATION_FORMAT = "dwarf-with-dsym";
				ENABLE_NS_ASSERTIONS = NO;
				ENABLE_STRICT_OBJC_MSGSEND = YES;
				GCC_C_LANGUAGE_STANDARD = gnu99;
				GCC_NO_COMMON_BLOCKS = YES;
				GCC_WARN_64_TO_32_BIT_CONVERSION = YES;
				GCC_WARN_ABOUT_RETURN_TYPE = YES_ERROR;
				GCC_WARN_UNDECLARED_SELECTOR = YES;
				GCC_WARN_UNINITIALIZED_AUTOS = YES_AGGRESSIVE;
				GCC_WARN_UNUSED_FUNCTION = YES;
				GCC_WARN_UNUSED_VARIABLE = YES;
				IPHONEOS_DEPLOYMENT_TARGET = 9.0;
				MTL_ENABLE_DEBUG_INFO = NO;
				SDKROOT = iphoneos;
				VALIDATE_PRODUCT = YES;
			};
			name = Release;
		};
		0F9F47E31BD2020200355E77 /* Debug */ = {
			isa = XCBuildConfiguration;
			buildSettings = {
				ASSETCATALOG_COMPILER_APPICON_NAME = AppIcon;
				CODE_SIGN_IDENTITY = "iPhone Developer";
				"CODE_SIGN_IDENTITY[sdk=iphoneos*]" = "iPhone Developer";
				INFOPLIST_FILE = Distrubutor/Info.plist;
				LD_RUNPATH_SEARCH_PATHS = "$(inherited) @executable_path/Frameworks";
				PRODUCT_BUNDLE_IDENTIFIER = com.boilermake.Distrubutor;
				PRODUCT_NAME = "$(TARGET_NAME)";
				PROVISIONING_PROFILE = "";
			};
			name = Debug;
		};
		0F9F47E41BD2020200355E77 /* Release */ = {
			isa = XCBuildConfiguration;
			buildSettings = {
				ASSETCATALOG_COMPILER_APPICON_NAME = AppIcon;
				CODE_SIGN_IDENTITY = "iPhone Developer";
				"CODE_SIGN_IDENTITY[sdk=iphoneos*]" = "iPhone Developer";
				INFOPLIST_FILE = Distrubutor/Info.plist;
				LD_RUNPATH_SEARCH_PATHS = "$(inherited) @executable_path/Frameworks";
				PRODUCT_BUNDLE_IDENTIFIER = com.boilermake.Distrubutor;
				PRODUCT_NAME = "$(TARGET_NAME)";
				PROVISIONING_PROFILE = "";
			};
			name = Release;
		};
		0F9F47E61BD2020200355E77 /* Debug */ = {
			isa = XCBuildConfiguration;
			buildSettings = {
				BUNDLE_LOADER = "$(TEST_HOST)";
				INFOPLIST_FILE = DistrubutorTests/Info.plist;
				LD_RUNPATH_SEARCH_PATHS = "$(inherited) @executable_path/Frameworks @loader_path/Frameworks";
				PRODUCT_BUNDLE_IDENTIFIER = com.example.DistrubutorTests;
				PRODUCT_NAME = "$(TARGET_NAME)";
				TEST_HOST = "$(BUILT_PRODUCTS_DIR)/Distrubutor.app/Distrubutor";
			};
			name = Debug;
		};
		0F9F47E71BD2020200355E77 /* Release */ = {
			isa = XCBuildConfiguration;
			buildSettings = {
				BUNDLE_LOADER = "$(TEST_HOST)";
				INFOPLIST_FILE = DistrubutorTests/Info.plist;
				LD_RUNPATH_SEARCH_PATHS = "$(inherited) @executable_path/Frameworks @loader_path/Frameworks";
				PRODUCT_BUNDLE_IDENTIFIER = com.example.DistrubutorTests;
				PRODUCT_NAME = "$(TARGET_NAME)";
				TEST_HOST = "$(BUILT_PRODUCTS_DIR)/Distrubutor.app/Distrubutor";
			};
			name = Release;
		};
		0F9F47E91BD2020200355E77 /* Debug */ = {
			isa = XCBuildConfiguration;
			buildSettings = {
				INFOPLIST_FILE = DistrubutorUITests/Info.plist;
				LD_RUNPATH_SEARCH_PATHS = "$(inherited) @executable_path/Frameworks @loader_path/Frameworks";
				PRODUCT_BUNDLE_IDENTIFIER = com.example.DistrubutorUITests;
				PRODUCT_NAME = "$(TARGET_NAME)";
				TEST_TARGET_NAME = Distrubutor;
				USES_XCTRUNNER = YES;
			};
			name = Debug;
		};
		0F9F47EA1BD2020200355E77 /* Release */ = {
			isa = XCBuildConfiguration;
			buildSettings = {
				INFOPLIST_FILE = DistrubutorUITests/Info.plist;
				LD_RUNPATH_SEARCH_PATHS = "$(inherited) @executable_path/Frameworks @loader_path/Frameworks";
				PRODUCT_BUNDLE_IDENTIFIER = com.example.DistrubutorUITests;
				PRODUCT_NAME = "$(TARGET_NAME)";
				TEST_TARGET_NAME = Distrubutor;
				USES_XCTRUNNER = YES;
			};
			name = Release;
		};
/* End XCBuildConfiguration section */

/* Begin XCConfigurationList section */
		0F9F47B01BD2020000355E77 /* Build configuration list for PBXProject "Distrubutor" */ = {
			isa = XCConfigurationList;
			buildConfigurations = (
				0F9F47E01BD2020200355E77 /* Debug */,
				0F9F47E11BD2020200355E77 /* Release */,
			);
			defaultConfigurationIsVisible = 0;
			defaultConfigurationName = Release;
		};
		0F9F47E21BD2020200355E77 /* Build configuration list for PBXNativeTarget "Distrubutor" */ = {
			isa = XCConfigurationList;
			buildConfigurations = (
				0F9F47E31BD2020200355E77 /* Debug */,
				0F9F47E41BD2020200355E77 /* Release */,
			);
			defaultConfigurationIsVisible = 0;
			defaultConfigurationName = Release;
		};
		0F9F47E51BD2020200355E77 /* Build configuration list for PBXNativeTarget "DistrubutorTests" */ = {
			isa = XCConfigurationList;
			buildConfigurations = (
				0F9F47E61BD2020200355E77 /* Debug */,
				0F9F47E71BD2020200355E77 /* Release */,
			);
			defaultConfigurationIsVisible = 0;
			defaultConfigurationName = Release;
		};
		0F9F47E81BD2020200355E77 /* Build configuration list for PBXNativeTarget "DistrubutorUITests" */ = {
			isa = XCConfigurationList;
			buildConfigurations = (
				0F9F47E91BD2020200355E77 /* Debug */,
				0F9F47EA1BD2020200355E77 /* Release */,
			);
			defaultConfigurationIsVisible = 0;
			defaultConfigurationName = Release;
		};
/* End XCConfigurationList section */
	};
	rootObject = 0F9F47AD1BD2020000355E77 /* Project object */;
}
